{
  "originHash" : "d97f5022114f63baa7b4622680ebf68387dd32d962b770efe6bc097af93ce1d5",
  "pins" : [
    {
      "identity" : "flowstacks",
      "kind" : "remoteSourceControl",
      "location" : "https://github.com/johnpatrickmorgan/FlowStacks.git",
      "state" : {
        "revision" : "0c5414b018fac906ffce9c4aee7da2a599615c95",
        "version" : "0.3.4"
      }
    },
    {
      "identity" : "sharedfoundation",
      "kind" : "remoteSourceControl",
      "location" : "https://github.com/ArkadiuszBanas/SharedFoundation",
      "state" : {
        "branch" : "main",
        "revision" : "05d5c29dce8892678c7ec3fc2a69756883f96a3b"
      }
    },
    {
      "identity" : "sharedswiftui",
      "kind" : "remoteSourceControl",
      "location" : "https://github.com/ArkadiuszBanas/SharedSwiftUI",
      "state" : {
        "branch" : "main",
        "revision" : "87bc86bcc7acd70e4aa5718f6ed0d478dcbb0b6d"
      }
    }
  ],
  "version" : 3
}
