{
  "originHash" : "70b46fd1ccb810883301715655ff56132e54b75301dcb82ee95ea60d5ff91af7",
  "pins" : [
    {
      "identity" : "flowstacks",
      "kind" : "remoteSourceControl",
      "location" : "https://github.com/johnpatrickmorgan/FlowStacks.git",
      "state" : {
        "revision" : "0c5414b018fac906ffce9c4aee7da2a599615c95",
        "version" : "0.3.4"
      }
    },
    {
      "identity" : "purchases-ios-spm",
      "kind" : "remoteSourceControl",
      "location" : "https://github.com/RevenueCat/purchases-ios-spm.git",
      "state" : {
        "revision" : "cdfe7100fc8cca4a655a9c0f1d34e1fcbc40edd0",
        "version" : "5.28.1"
      }
    },
    {
      "identity" : "sharedfoundation",
      "kind" : "remoteSourceControl",
      "location" : "https://github.com/ArkadiuszBanas/SharedFoundation",
      "state" : {
        "branch" : "main",
        "revision" : "05d5c29dce8892678c7ec3fc2a69756883f96a3b"
      }
    },
    {
      "identity" : "sharedswiftui",
      "kind" : "remoteSourceControl",
      "location" : "https://github.com/ArkadiuszBanas/SharedSwiftUI",
      "state" : {
        "branch" : "main",
        "revision" : "87bc86bcc7acd70e4aa5718f6ed0d478dcbb0b6d"
      }
    }
  ],
  "version" : 3
}
