{
  "originHash" : "0aedfbaff748ac1b4d0837eec546f2869cf593cd4aaf6d407019a44e15b70e01",
  "pins" : [
    {
      "identity" : "purchases-ios-spm",
      "kind" : "remoteSourceControl",
      "location" : "https://github.com/RevenueCat/purchases-ios-spm.git",
      "state" : {
        "revision" : "cdfe7100fc8cca4a655a9c0f1d34e1fcbc40edd0",
        "version" : "5.28.1"
      }
    },
    {
      "identity" : "sharedfoundation",
      "kind" : "remoteSourceControl",
      "location" : "https://github.com/ArkadiuszBanas/SharedFoundation",
      "state" : {
        "branch" : "main",
        "revision" : "05d5c29dce8892678c7ec3fc2a69756883f96a3b"
      }
    },
    {
      "identity" : "sharedswiftui",
      "kind" : "remoteSourceControl",
      "location" : "https://github.com/ArkadiuszBanas/SharedSwiftUI",
      "state" : {
        "branch" : "main",
        "revision" : "87bc86bcc7acd70e4aa5718f6ed0d478dcbb0b6d"
      }
    }
  ],
  "version" : 3
}
