{
  "originHash" : "59c7b7c5f27ad4a986b4620312efc0304436e895713ffbfb51b95e63b21bd2dd",
  "pins" : [
    {
      "identity" : "flowstacks",
      "kind" : "remoteSourceControl",
      "location" : "https://github.com/johnpatrickmorgan/FlowStacks.git",
      "state" : {
        "revision" : "0c5414b018fac906ffce9c4aee7da2a599615c95",
        "version" : "0.3.4"
      }
    },
    {
      "identity" : "onboardingkit",
      "kind" : "remoteSourceControl",
      "location" : "https://github.com/mlbonniec/OnBoardingKit",
      "state" : {
        "revision" : "41896a8c704d174091cb44536b96138620b13ec9",
        "version" : "1.1.3"
      }
    },
    {
      "identity" : "purchases-ios-spm",
      "kind" : "remoteSourceControl",
      "location" : "https://github.com/RevenueCat/purchases-ios-spm.git",
      "state" : {
        "revision" : "cdfe7100fc8cca4a655a9c0f1d34e1fcbc40edd0",
        "version" : "5.28.1"
      }
    },
    {
      "identity" : "sharedfoundation",
      "kind" : "remoteSourceControl",
      "location" : "https://github.com/ArkadiuszBanas/SharedFoundation",
      "state" : {
        "branch" : "main",
        "revision" : "05d5c29dce8892678c7ec3fc2a69756883f96a3b"
      }
    },
    {
      "identity" : "sharedswiftui",
      "kind" : "remoteSourceControl",
      "location" : "https://github.com/ArkadiuszBanas/SharedSwiftUI",
      "state" : {
        "branch" : "main",
        "revision" : "87bc86bcc7acd70e4aa5718f6ed0d478dcbb0b6d"
      }
    }
  ],
  "version" : 3
}
